{
  "version": 4,
  "terraform_version": "1.11.1",
  "serial": 18,
  "lineage": "2915a0dd-2894-4e93-a385-dbcaff9ce5d3",
  "outputs": {
    "vm_ips": {
      "value": {
        "cicd-t1": "172.200.241.203",
        "cicd-t2": "172.200.241.190",
        "cicd1": "172.200.241.210"
      },
      "type": [
        "object",
        {
          "cicd-t1": "string",
          "cicd-t2": "string",
          "cicd1": "string"
        }
      ]
    }
  },
  "resources": [
    {
      "mode": "managed",
      "type": "azurerm_network_security_group",
      "name": "nsg",
      "provider": "provider[\"registry.terraform.io/hashicorp/azurerm\"]",
      "instances": [
        {
          "schema_version": 0,
          "attributes": {
            "id": "/subscriptions/e883a2af-415e-4853-8f64-b7a5b9fa8973/resourceGroups/devopclinics-cicd-rg/providers/Microsoft.Network/networkSecurityGroups/devopclinics-nsg",
            "location": "eastus2",
            "name": "devopclinics-nsg",
            "resource_group_name": "devopclinics-cicd-rg",
            "security_rule": [
              {
                "access": "Allow",
                "description": "",
                "destination_address_prefix": "*",
                "destination_address_prefixes": [],
                "destination_application_security_group_ids": [],
                "destination_port_range": "22",
                "destination_port_ranges": [],
                "direction": "Inbound",
                "name": "Allow-SSH",
                "priority": 1001,
                "protocol": "Tcp",
                "source_address_prefix": "*",
                "source_address_prefixes": [],
                "source_application_security_group_ids": [],
                "source_port_range": "*",
                "source_port_ranges": []
              }
            ],
            "tags": null,
            "timeouts": null
          },
          "sensitive_attributes": [],
          "private": "eyJlMmJmYjczMC1lY2FhLTExZTYtOGY4OC0zNDM2M2JjN2M0YzAiOnsiY3JlYXRlIjoxODAwMDAwMDAwMDAwLCJkZWxldGUiOjE4MDAwMDAwMDAwMDAsInJlYWQiOjMwMDAwMDAwMDAwMCwidXBkYXRlIjoxODAwMDAwMDAwMDAwfX0=",
          "dependencies": [
            "azurerm_resource_group.rg"
          ]
        }
      ]
    },
    {
      "mode": "managed",
      "type": "azurerm_resource_group",
      "name": "rg",
      "provider": "provider[\"registry.terraform.io/hashicorp/azurerm\"]",
      "instances": [
        {
          "schema_version": 0,
          "attributes": {
            "id": "/subscriptions/e883a2af-415e-4853-8f64-b7a5b9fa8973/resourceGroups/devopclinics-cicd-rg",
            "location": "eastus2",
            "managed_by": "",
            "name": "devopclinics-cicd-rg",
            "tags": null,
            "timeouts": null
          },
          "sensitive_attributes": [],
          "private": "eyJlMmJmYjczMC1lY2FhLTExZTYtOGY4OC0zNDM2M2JjN2M0YzAiOnsiY3JlYXRlIjo1NDAwMDAwMDAwMDAwLCJkZWxldGUiOjU0MDAwMDAwMDAwMDAsInJlYWQiOjMwMDAwMDAwMDAwMCwidXBkYXRlIjo1NDAwMDAwMDAwMDAwfX0="
        }
      ]
    },
    {
      "mode": "managed",
      "type": "azurerm_subnet",
      "name": "subnet",
      "provider": "provider[\"registry.terraform.io/hashicorp/azurerm\"]",
      "instances": [
        {
          "schema_version": 0,
          "attributes": {
            "address_prefixes": [
              "10.0.1.0/24"
            ],
            "default_outbound_access_enabled": true,
            "delegation": [],
            "enforce_private_link_endpoint_network_policies": false,
            "enforce_private_link_service_network_policies": false,
            "id": "/subscriptions/e883a2af-415e-4853-8f64-b7a5b9fa8973/resourceGroups/devopclinics-cicd-rg/providers/Microsoft.Network/virtualNetworks/devopclinics-vnet/subnets/devopclinics-subnet",
            "name": "devopclinics-subnet",
            "private_endpoint_network_policies": "Enabled",
            "private_endpoint_network_policies_enabled": true,
            "private_link_service_network_policies_enabled": true,
            "resource_group_name": "devopclinics-cicd-rg",
            "service_endpoint_policy_ids": null,
            "service_endpoints": null,
            "timeouts": null,
            "virtual_network_name": "devopclinics-vnet"
          },
          "sensitive_attributes": [],
          "private": "eyJlMmJmYjczMC1lY2FhLTExZTYtOGY4OC0zNDM2M2JjN2M0YzAiOnsiY3JlYXRlIjoxODAwMDAwMDAwMDAwLCJkZWxldGUiOjE4MDAwMDAwMDAwMDAsInJlYWQiOjMwMDAwMDAwMDAwMCwidXBkYXRlIjoxODAwMDAwMDAwMDAwfX0=",
          "dependencies": [
            "azurerm_resource_group.rg",
            "azurerm_virtual_network.vnet"
          ]
        }
      ]
    },
    {
      "mode": "managed",
      "type": "azurerm_virtual_network",
      "name": "vnet",
      "provider": "provider[\"registry.terraform.io/hashicorp/azurerm\"]",
      "instances": [
        {
          "schema_version": 0,
          "attributes": {
            "address_space": [
              "10.0.0.0/16"
            ],
            "bgp_community": "",
            "ddos_protection_plan": [],
            "dns_servers": [],
            "edge_zone": "",
            "encryption": [],
            "flow_timeout_in_minutes": 0,
            "guid": "27f61629-6b43-449b-a2d1-ce349b53b560",
            "id": "/subscriptions/e883a2af-415e-4853-8f64-b7a5b9fa8973/resourceGroups/devopclinics-cicd-rg/providers/Microsoft.Network/virtualNetworks/devopclinics-vnet",
            "location": "eastus2",
            "name": "devopclinics-vnet",
            "resource_group_name": "devopclinics-cicd-rg",
            "subnet": [],
            "tags": null,
            "timeouts": null
          },
          "sensitive_attributes": [],
          "private": "eyJlMmJmYjczMC1lY2FhLTExZTYtOGY4OC0zNDM2M2JjN2M0YzAiOnsiY3JlYXRlIjoxODAwMDAwMDAwMDAwLCJkZWxldGUiOjE4MDAwMDAwMDAwMDAsInJlYWQiOjMwMDAwMDAwMDAwMCwidXBkYXRlIjoxODAwMDAwMDAwMDAwfX0=",
          "dependencies": [
            "azurerm_resource_group.rg"
          ]
        }
      ]
    },
    {
      "module": "module.dc_lab_vm",
      "mode": "managed",
      "type": "azurerm_linux_virtual_machine",
      "name": "vm",
      "provider": "provider[\"registry.terraform.io/hashicorp/azurerm\"]",
      "instances": [
        {
          "index_key": 0,
          "schema_version": 0,
          "attributes": {
            "additional_capabilities": [],
            "admin_password": "Admin123@",
            "admin_ssh_key": [],
            "admin_username": "azureuser",
            "allow_extension_operations": true,
            "availability_set_id": "",
            "boot_diagnostics": [],
            "bypass_platform_safety_checks_on_user_schedule_enabled": false,
            "capacity_reservation_group_id": "",
            "computer_name": "cicd1",
            "custom_data": "I2Nsb3VkLWNvbmZpZwp1c2VyczoKICAtIG5hbWU6IGRjbGluaWNzCiAgICBnZWNvczogImRjbGluaWNzIgogICAgc3VkbzogQUxMPShBTEwpIE5PUEFTU1dEOkFMTAogICAgZ3JvdXBzOiBzdWRvCiAgICBzaGVsbDogL2Jpbi9iYXNoCiAgICBwYXNzd2Q6ICQ2JGFvUlNRWlRSWVpYMzg1RkokQkhWN0ZXZWVHUWRkVFdKbUhCa3JQSnVJbGtvRThKdU5FMmROZjNtd3BVTkJIMm9hS3F5QkxodTZ0RThMVXZqem5WM1VvcHhWcWtTWjdmVEFMQTBBVzEKICAgIGxvY2tfcGFzc3dkOiBmYWxzZQogICAgZXhwaXJlOiBmYWxzZQoKY2hwYXNzd2Q6CiAgZXhwaXJlOiB0cnVlCgojIFNldCBwYXNzd29yZCBleHBpcmF0aW9uIHBvbGljeSBmb3IgMzAgZGF5cwpydW5jbWQ6CiAgLSBmb3IgdXNlciBpbiAkKGF3ayAtRic6JyAneyBwcmludCAkMX0nIC9ldGMvcGFzc3dkKTsgZG8gY2hhZ2UgLU0gMzAgJHVzZXI7IGRvbmUK",
            "dedicated_host_group_id": "",
            "dedicated_host_id": "",
            "disable_password_authentication": false,
            "disk_controller_type": "SCSI",
            "edge_zone": "",
            "encryption_at_host_enabled": false,
            "eviction_policy": "",
            "extensions_time_budget": "PT1H30M",
            "gallery_application": [],
            "id": "/subscriptions/e883a2af-415e-4853-8f64-b7a5b9fa8973/resourceGroups/devopclinics-cicd-rg/providers/Microsoft.Compute/virtualMachines/cicd1",
            "identity": [],
            "license_type": "",
            "location": "eastus2",
            "max_bid_price": -1,
            "name": "cicd1",
            "network_interface_ids": [
              "/subscriptions/e883a2af-415e-4853-8f64-b7a5b9fa8973/resourceGroups/devopclinics-cicd-rg/providers/Microsoft.Network/networkInterfaces/cicd1-nic"
            ],
            "os_disk": [
              {
                "caching": "ReadWrite",
                "diff_disk_settings": [],
                "disk_encryption_set_id": "",
                "disk_size_gb": 30,
                "name": "cicd1_OsDisk_1_dbea1ab208794a79b40cb82b06f61ae4",
                "secure_vm_disk_encryption_set_id": "",
                "security_encryption_type": "",
                "storage_account_type": "Standard_LRS",
                "write_accelerator_enabled": false
              }
            ],
            "os_image_notification": [],
            "patch_assessment_mode": "ImageDefault",
            "patch_mode": "ImageDefault",
            "plan": [],
            "platform_fault_domain": -1,
            "priority": "Regular",
            "private_ip_address": "10.0.1.4",
            "private_ip_addresses": [
              "10.0.1.4"
            ],
            "provision_vm_agent": true,
            "proximity_placement_group_id": "",
            "public_ip_address": "172.200.241.210",
            "public_ip_addresses": [
              "172.200.241.210"
            ],
            "reboot_setting": "",
            "resource_group_name": "devopclinics-cicd-rg",
            "secret": [],
            "secure_boot_enabled": false,
            "size": "Standard_B2ms",
            "source_image_id": "",
            "source_image_reference": [
              {
                "offer": "0001-com-ubuntu-server-jammy-daily",
                "publisher": "Canonical",
                "sku": "22_04-daily-lts-gen2",
                "version": "latest"
              }
            ],
            "tags": null,
            "termination_notification": null,
            "timeouts": null,
            "user_data": "",
            "virtual_machine_id": "6166d773-1ae1-4ad1-8242-df6a5c44b301",
            "virtual_machine_scale_set_id": "",
            "vm_agent_platform_updates_enabled": false,
            "vtpm_enabled": false,
            "zone": ""
          },
          "sensitive_attributes": [
            [
              {
                "type": "get_attr",
                "value": "admin_password"
              }
            ],
            [
              {
                "type": "get_attr",
                "value": "custom_data"
              }
            ]
          ],
          "private": "eyJlMmJmYjczMC1lY2FhLTExZTYtOGY4OC0zNDM2M2JjN2M0YzAiOnsiY3JlYXRlIjoyNzAwMDAwMDAwMDAwLCJkZWxldGUiOjI3MDAwMDAwMDAwMDAsInJlYWQiOjMwMDAwMDAwMDAwMCwidXBkYXRlIjoyNzAwMDAwMDAwMDAwfX0=",
          "dependencies": [
            "azurerm_resource_group.rg",
            "azurerm_subnet.subnet",
            "azurerm_virtual_network.vnet",
            "module.dc_lab_vm.azurerm_network_interface.nic",
            "module.dc_lab_vm.azurerm_public_ip.public_ip"
          ]
        },
        {
          "index_key": 1,
          "schema_version": 0,
          "attributes": {
            "additional_capabilities": [],
            "admin_password": "Admin123@",
            "admin_ssh_key": [],
            "admin_username": "azureuser",
            "allow_extension_operations": true,
            "availability_set_id": "",
            "boot_diagnostics": [],
            "bypass_platform_safety_checks_on_user_schedule_enabled": false,
            "capacity_reservation_group_id": "",
            "computer_name": "cicd-t1",
            "custom_data": "I2Nsb3VkLWNvbmZpZwp1c2VyczoKICAtIG5hbWU6IGRjbGluaWNzCiAgICBnZWNvczogImRjbGluaWNzIgogICAgc3VkbzogQUxMPShBTEwpIE5PUEFTU1dEOkFMTAogICAgZ3JvdXBzOiBzdWRvCiAgICBzaGVsbDogL2Jpbi9iYXNoCiAgICBwYXNzd2Q6ICQ2JGFvUlNRWlRSWVpYMzg1RkokQkhWN0ZXZWVHUWRkVFdKbUhCa3JQSnVJbGtvRThKdU5FMmROZjNtd3BVTkJIMm9hS3F5QkxodTZ0RThMVXZqem5WM1VvcHhWcWtTWjdmVEFMQTBBVzEKICAgIGxvY2tfcGFzc3dkOiBmYWxzZQogICAgZXhwaXJlOiBmYWxzZQoKY2hwYXNzd2Q6CiAgZXhwaXJlOiB0cnVlCgojIFNldCBwYXNzd29yZCBleHBpcmF0aW9uIHBvbGljeSBmb3IgMzAgZGF5cwpydW5jbWQ6CiAgLSBmb3IgdXNlciBpbiAkKGF3ayAtRic6JyAneyBwcmludCAkMX0nIC9ldGMvcGFzc3dkKTsgZG8gY2hhZ2UgLU0gMzAgJHVzZXI7IGRvbmUK",
            "dedicated_host_group_id": "",
            "dedicated_host_id": "",
            "disable_password_authentication": false,
            "disk_controller_type": "SCSI",
            "edge_zone": "",
            "encryption_at_host_enabled": false,
            "eviction_policy": "",
            "extensions_time_budget": "PT1H30M",
            "gallery_application": [],
            "id": "/subscriptions/e883a2af-415e-4853-8f64-b7a5b9fa8973/resourceGroups/devopclinics-cicd-rg/providers/Microsoft.Compute/virtualMachines/cicd-t1",
            "identity": [],
            "license_type": "",
            "location": "eastus2",
            "max_bid_price": -1,
            "name": "cicd-t1",
            "network_interface_ids": [
              "/subscriptions/e883a2af-415e-4853-8f64-b7a5b9fa8973/resourceGroups/devopclinics-cicd-rg/providers/Microsoft.Network/networkInterfaces/cicd-t1-nic"
            ],
            "os_disk": [
              {
                "caching": "ReadWrite",
                "diff_disk_settings": [],
                "disk_encryption_set_id": "",
                "disk_size_gb": 30,
                "name": "cicd-t1_OsDisk_1_17afc0e320324232a19be354ab58be7e",
                "secure_vm_disk_encryption_set_id": "",
                "security_encryption_type": "",
                "storage_account_type": "Standard_LRS",
                "write_accelerator_enabled": false
              }
            ],
            "os_image_notification": [],
            "patch_assessment_mode": "ImageDefault",
            "patch_mode": "ImageDefault",
            "plan": [],
            "platform_fault_domain": -1,
            "priority": "Regular",
            "private_ip_address": "10.0.1.5",
            "private_ip_addresses": [
              "10.0.1.5"
            ],
            "provision_vm_agent": true,
            "proximity_placement_group_id": "",
            "public_ip_address": "172.200.241.203",
            "public_ip_addresses": [
              "172.200.241.203"
            ],
            "reboot_setting": "",
            "resource_group_name": "devopclinics-cicd-rg",
            "secret": [],
            "secure_boot_enabled": false,
            "size": "Standard_B2ms",
            "source_image_id": "",
            "source_image_reference": [
              {
                "offer": "0001-com-ubuntu-server-jammy-daily",
                "publisher": "Canonical",
                "sku": "22_04-daily-lts-gen2",
                "version": "latest"
              }
            ],
            "tags": null,
            "termination_notification": null,
            "timeouts": null,
            "user_data": "",
            "virtual_machine_id": "a611f593-0345-4016-ad4e-7a0b6b2cebce",
            "virtual_machine_scale_set_id": "",
            "vm_agent_platform_updates_enabled": false,
            "vtpm_enabled": false,
            "zone": ""
          },
          "sensitive_attributes": [
            [
              {
                "type": "get_attr",
                "value": "admin_password"
              }
            ],
            [
              {
                "type": "get_attr",
                "value": "custom_data"
              }
            ]
          ],
          "private": "eyJlMmJmYjczMC1lY2FhLTExZTYtOGY4OC0zNDM2M2JjN2M0YzAiOnsiY3JlYXRlIjoyNzAwMDAwMDAwMDAwLCJkZWxldGUiOjI3MDAwMDAwMDAwMDAsInJlYWQiOjMwMDAwMDAwMDAwMCwidXBkYXRlIjoyNzAwMDAwMDAwMDAwfX0=",
          "dependencies": [
            "azurerm_resource_group.rg",
            "azurerm_subnet.subnet",
            "azurerm_virtual_network.vnet",
            "module.dc_lab_vm.azurerm_network_interface.nic",
            "module.dc_lab_vm.azurerm_public_ip.public_ip"
          ]
        },
        {
          "index_key": 2,
          "schema_version": 0,
          "attributes": {
            "additional_capabilities": [],
            "admin_password": "Admin123@",
            "admin_ssh_key": [],
            "admin_username": "azureuser",
            "allow_extension_operations": true,
            "availability_set_id": "",
            "boot_diagnostics": [],
            "bypass_platform_safety_checks_on_user_schedule_enabled": false,
            "capacity_reservation_group_id": "",
            "computer_name": "cicd-t2",
            "custom_data": "I2Nsb3VkLWNvbmZpZwp1c2VyczoKICAtIG5hbWU6IGRjbGluaWNzCiAgICBnZWNvczogImRjbGluaWNzIgogICAgc3VkbzogQUxMPShBTEwpIE5PUEFTU1dEOkFMTAogICAgZ3JvdXBzOiBzdWRvCiAgICBzaGVsbDogL2Jpbi9iYXNoCiAgICBwYXNzd2Q6ICQ2JGFvUlNRWlRSWVpYMzg1RkokQkhWN0ZXZWVHUWRkVFdKbUhCa3JQSnVJbGtvRThKdU5FMmROZjNtd3BVTkJIMm9hS3F5QkxodTZ0RThMVXZqem5WM1VvcHhWcWtTWjdmVEFMQTBBVzEKICAgIGxvY2tfcGFzc3dkOiBmYWxzZQogICAgZXhwaXJlOiBmYWxzZQoKY2hwYXNzd2Q6CiAgZXhwaXJlOiB0cnVlCgojIFNldCBwYXNzd29yZCBleHBpcmF0aW9uIHBvbGljeSBmb3IgMzAgZGF5cwpydW5jbWQ6CiAgLSBmb3IgdXNlciBpbiAkKGF3ayAtRic6JyAneyBwcmludCAkMX0nIC9ldGMvcGFzc3dkKTsgZG8gY2hhZ2UgLU0gMzAgJHVzZXI7IGRvbmUK",
            "dedicated_host_group_id": "",
            "dedicated_host_id": "",
            "disable_password_authentication": false,
            "disk_controller_type": "SCSI",
            "edge_zone": "",
            "encryption_at_host_enabled": false,
            "eviction_policy": "",
            "extensions_time_budget": "PT1H30M",
            "gallery_application": [],
            "id": "/subscriptions/e883a2af-415e-4853-8f64-b7a5b9fa8973/resourceGroups/devopclinics-cicd-rg/providers/Microsoft.Compute/virtualMachines/cicd-t2",
            "identity": [],
            "license_type": "",
            "location": "eastus2",
            "max_bid_price": -1,
            "name": "cicd-t2",
            "network_interface_ids": [
              "/subscriptions/e883a2af-415e-4853-8f64-b7a5b9fa8973/resourceGroups/devopclinics-cicd-rg/providers/Microsoft.Network/networkInterfaces/cicd-t2-nic"
            ],
            "os_disk": [
              {
                "caching": "ReadWrite",
                "diff_disk_settings": [],
                "disk_encryption_set_id": "",
                "disk_size_gb": 30,
                "name": "cicd-t2_OsDisk_1_f792e211dfd8459c82c8e089eef17af9",
                "secure_vm_disk_encryption_set_id": "",
                "security_encryption_type": "",
                "storage_account_type": "Standard_LRS",
                "write_accelerator_enabled": false
              }
            ],
            "os_image_notification": [],
            "patch_assessment_mode": "ImageDefault",
            "patch_mode": "ImageDefault",
            "plan": [],
            "platform_fault_domain": -1,
            "priority": "Regular",
            "private_ip_address": "10.0.1.6",
            "private_ip_addresses": [
              "10.0.1.6"
            ],
            "provision_vm_agent": true,
            "proximity_placement_group_id": "",
            "public_ip_address": "172.200.241.190",
            "public_ip_addresses": [
              "172.200.241.190"
            ],
            "reboot_setting": "",
            "resource_group_name": "devopclinics-cicd-rg",
            "secret": [],
            "secure_boot_enabled": false,
            "size": "Standard_B2ms",
            "source_image_id": "",
            "source_image_reference": [
              {
                "offer": "0001-com-ubuntu-server-jammy-daily",
                "publisher": "Canonical",
                "sku": "22_04-daily-lts-gen2",
                "version": "latest"
              }
            ],
            "tags": null,
            "termination_notification": null,
            "timeouts": null,
            "user_data": "",
            "virtual_machine_id": "5d90fc1b-3e0d-4599-9fe5-d02ac3599814",
            "virtual_machine_scale_set_id": "",
            "vm_agent_platform_updates_enabled": false,
            "vtpm_enabled": false,
            "zone": ""
          },
          "sensitive_attributes": [
            [
              {
                "type": "get_attr",
                "value": "custom_data"
              }
            ],
            [
              {
                "type": "get_attr",
                "value": "admin_password"
              }
            ]
          ],
          "private": "eyJlMmJmYjczMC1lY2FhLTExZTYtOGY4OC0zNDM2M2JjN2M0YzAiOnsiY3JlYXRlIjoyNzAwMDAwMDAwMDAwLCJkZWxldGUiOjI3MDAwMDAwMDAwMDAsInJlYWQiOjMwMDAwMDAwMDAwMCwidXBkYXRlIjoyNzAwMDAwMDAwMDAwfX0=",
          "dependencies": [
            "azurerm_resource_group.rg",
            "azurerm_subnet.subnet",
            "azurerm_virtual_network.vnet",
            "module.dc_lab_vm.azurerm_network_interface.nic",
            "module.dc_lab_vm.azurerm_public_ip.public_ip"
          ]
        }
      ]
    },
    {
      "module": "module.dc_lab_vm",
      "mode": "managed",
      "type": "azurerm_network_interface",
      "name": "nic",
      "provider": "provider[\"registry.terraform.io/hashicorp/azurerm\"]",
      "instances": [
        {
          "index_key": 0,
          "schema_version": 0,
          "attributes": {
            "accelerated_networking_enabled": false,
            "applied_dns_servers": [],
            "auxiliary_mode": "",
            "auxiliary_sku": "",
            "dns_servers": [],
            "edge_zone": "",
            "enable_accelerated_networking": false,
            "enable_ip_forwarding": false,
            "id": "/subscriptions/e883a2af-415e-4853-8f64-b7a5b9fa8973/resourceGroups/devopclinics-cicd-rg/providers/Microsoft.Network/networkInterfaces/cicd1-nic",
            "internal_dns_name_label": "",
            "internal_domain_name_suffix": "felpmj0dnonujiwrzy0jwu3vma.cx.internal.cloudapp.net",
            "ip_configuration": [
              {
                "gateway_load_balancer_frontend_ip_configuration_id": "",
                "name": "internal",
                "primary": true,
                "private_ip_address": "10.0.1.4",
                "private_ip_address_allocation": "Dynamic",
                "private_ip_address_version": "IPv4",
                "public_ip_address_id": "/subscriptions/e883a2af-415e-4853-8f64-b7a5b9fa8973/resourceGroups/devopclinics-cicd-rg/providers/Microsoft.Network/publicIPAddresses/cicd1-public-ip",
                "subnet_id": "/subscriptions/e883a2af-415e-4853-8f64-b7a5b9fa8973/resourceGroups/devopclinics-cicd-rg/providers/Microsoft.Network/virtualNetworks/devopclinics-vnet/subnets/devopclinics-subnet"
              }
            ],
            "ip_forwarding_enabled": false,
            "location": "eastus2",
            "mac_address": "",
            "name": "cicd1-nic",
            "private_ip_address": "10.0.1.4",
            "private_ip_addresses": [
              "10.0.1.4"
            ],
            "resource_group_name": "devopclinics-cicd-rg",
            "tags": null,
            "timeouts": null,
            "virtual_machine_id": ""
          },
          "sensitive_attributes": [],
          "private": "eyJlMmJmYjczMC1lY2FhLTExZTYtOGY4OC0zNDM2M2JjN2M0YzAiOnsiY3JlYXRlIjoxODAwMDAwMDAwMDAwLCJkZWxldGUiOjE4MDAwMDAwMDAwMDAsInJlYWQiOjMwMDAwMDAwMDAwMCwidXBkYXRlIjoxODAwMDAwMDAwMDAwfX0=",
          "dependencies": [
            "azurerm_resource_group.rg",
            "azurerm_subnet.subnet",
            "azurerm_virtual_network.vnet",
            "module.dc_lab_vm.azurerm_public_ip.public_ip"
          ]
        },
        {
          "index_key": 1,
          "schema_version": 0,
          "attributes": {
            "accelerated_networking_enabled": false,
            "applied_dns_servers": [],
            "auxiliary_mode": "",
            "auxiliary_sku": "",
            "dns_servers": [],
            "edge_zone": "",
            "enable_accelerated_networking": false,
            "enable_ip_forwarding": false,
            "id": "/subscriptions/e883a2af-415e-4853-8f64-b7a5b9fa8973/resourceGroups/devopclinics-cicd-rg/providers/Microsoft.Network/networkInterfaces/cicd-t1-nic",
            "internal_dns_name_label": "",
            "internal_domain_name_suffix": "felpmj0dnonujiwrzy0jwu3vma.cx.internal.cloudapp.net",
            "ip_configuration": [
              {
                "gateway_load_balancer_frontend_ip_configuration_id": "",
                "name": "internal",
                "primary": true,
                "private_ip_address": "10.0.1.5",
                "private_ip_address_allocation": "Dynamic",
                "private_ip_address_version": "IPv4",
                "public_ip_address_id": "/subscriptions/e883a2af-415e-4853-8f64-b7a5b9fa8973/resourceGroups/devopclinics-cicd-rg/providers/Microsoft.Network/publicIPAddresses/cicd-t1-public-ip",
                "subnet_id": "/subscriptions/e883a2af-415e-4853-8f64-b7a5b9fa8973/resourceGroups/devopclinics-cicd-rg/providers/Microsoft.Network/virtualNetworks/devopclinics-vnet/subnets/devopclinics-subnet"
              }
            ],
            "ip_forwarding_enabled": false,
            "location": "eastus2",
            "mac_address": "",
            "name": "cicd-t1-nic",
            "private_ip_address": "10.0.1.5",
            "private_ip_addresses": [
              "10.0.1.5"
            ],
            "resource_group_name": "devopclinics-cicd-rg",
            "tags": null,
            "timeouts": null,
            "virtual_machine_id": ""
          },
          "sensitive_attributes": [],
          "private": "eyJlMmJmYjczMC1lY2FhLTExZTYtOGY4OC0zNDM2M2JjN2M0YzAiOnsiY3JlYXRlIjoxODAwMDAwMDAwMDAwLCJkZWxldGUiOjE4MDAwMDAwMDAwMDAsInJlYWQiOjMwMDAwMDAwMDAwMCwidXBkYXRlIjoxODAwMDAwMDAwMDAwfX0=",
          "dependencies": [
            "azurerm_resource_group.rg",
            "azurerm_subnet.subnet",
            "azurerm_virtual_network.vnet",
            "module.dc_lab_vm.azurerm_public_ip.public_ip"
          ]
        },
        {
          "index_key": 2,
          "schema_version": 0,
          "attributes": {
            "accelerated_networking_enabled": false,
            "applied_dns_servers": [],
            "auxiliary_mode": "",
            "auxiliary_sku": "",
            "dns_servers": [],
            "edge_zone": "",
            "enable_accelerated_networking": false,
            "enable_ip_forwarding": false,
            "id": "/subscriptions/e883a2af-415e-4853-8f64-b7a5b9fa8973/resourceGroups/devopclinics-cicd-rg/providers/Microsoft.Network/networkInterfaces/cicd-t2-nic",
            "internal_dns_name_label": "",
            "internal_domain_name_suffix": "felpmj0dnonujiwrzy0jwu3vma.cx.internal.cloudapp.net",
            "ip_configuration": [
              {
                "gateway_load_balancer_frontend_ip_configuration_id": "",
                "name": "internal",
                "primary": true,
                "private_ip_address": "10.0.1.6",
                "private_ip_address_allocation": "Dynamic",
                "private_ip_address_version": "IPv4",
                "public_ip_address_id": "/subscriptions/e883a2af-415e-4853-8f64-b7a5b9fa8973/resourceGroups/devopclinics-cicd-rg/providers/Microsoft.Network/publicIPAddresses/cicd-t2-public-ip",
                "subnet_id": "/subscriptions/e883a2af-415e-4853-8f64-b7a5b9fa8973/resourceGroups/devopclinics-cicd-rg/providers/Microsoft.Network/virtualNetworks/devopclinics-vnet/subnets/devopclinics-subnet"
              }
            ],
            "ip_forwarding_enabled": false,
            "location": "eastus2",
            "mac_address": "",
            "name": "cicd-t2-nic",
            "private_ip_address": "10.0.1.6",
            "private_ip_addresses": [
              "10.0.1.6"
            ],
            "resource_group_name": "devopclinics-cicd-rg",
            "tags": null,
            "timeouts": null,
            "virtual_machine_id": ""
          },
          "sensitive_attributes": [],
          "private": "eyJlMmJmYjczMC1lY2FhLTExZTYtOGY4OC0zNDM2M2JjN2M0YzAiOnsiY3JlYXRlIjoxODAwMDAwMDAwMDAwLCJkZWxldGUiOjE4MDAwMDAwMDAwMDAsInJlYWQiOjMwMDAwMDAwMDAwMCwidXBkYXRlIjoxODAwMDAwMDAwMDAwfX0=",
          "dependencies": [
            "azurerm_resource_group.rg",
            "azurerm_subnet.subnet",
            "azurerm_virtual_network.vnet",
            "module.dc_lab_vm.azurerm_public_ip.public_ip"
          ]
        }
      ]
    },
    {
      "module": "module.dc_lab_vm",
      "mode": "managed",
      "type": "azurerm_network_interface_security_group_association",
      "name": "nsg_association",
      "provider": "provider[\"registry.terraform.io/hashicorp/azurerm\"]",
      "instances": [
        {
          "index_key": 0,
          "schema_version": 0,
          "attributes": {
            "id": "/subscriptions/e883a2af-415e-4853-8f64-b7a5b9fa8973/resourceGroups/devopclinics-cicd-rg/providers/Microsoft.Network/networkInterfaces/cicd1-nic|/subscriptions/e883a2af-415e-4853-8f64-b7a5b9fa8973/resourceGroups/devopclinics-cicd-rg/providers/Microsoft.Network/networkSecurityGroups/devopclinics-nsg",
            "network_interface_id": "/subscriptions/e883a2af-415e-4853-8f64-b7a5b9fa8973/resourceGroups/devopclinics-cicd-rg/providers/Microsoft.Network/networkInterfaces/cicd1-nic",
            "network_security_group_id": "/subscriptions/e883a2af-415e-4853-8f64-b7a5b9fa8973/resourceGroups/devopclinics-cicd-rg/providers/Microsoft.Network/networkSecurityGroups/devopclinics-nsg",
            "timeouts": null
          },
          "sensitive_attributes": [],
          "private": "eyJlMmJmYjczMC1lY2FhLTExZTYtOGY4OC0zNDM2M2JjN2M0YzAiOnsiY3JlYXRlIjoxODAwMDAwMDAwMDAwLCJkZWxldGUiOjE4MDAwMDAwMDAwMDAsInJlYWQiOjMwMDAwMDAwMDAwMH19",
          "dependencies": [
            "azurerm_network_security_group.nsg",
            "azurerm_resource_group.rg",
            "azurerm_subnet.subnet",
            "azurerm_virtual_network.vnet",
            "module.dc_lab_vm.azurerm_network_interface.nic",
            "module.dc_lab_vm.azurerm_public_ip.public_ip"
          ]
        },
        {
          "index_key": 1,
          "schema_version": 0,
          "attributes": {
            "id": "/subscriptions/e883a2af-415e-4853-8f64-b7a5b9fa8973/resourceGroups/devopclinics-cicd-rg/providers/Microsoft.Network/networkInterfaces/cicd-t1-nic|/subscriptions/e883a2af-415e-4853-8f64-b7a5b9fa8973/resourceGroups/devopclinics-cicd-rg/providers/Microsoft.Network/networkSecurityGroups/devopclinics-nsg",
            "network_interface_id": "/subscriptions/e883a2af-415e-4853-8f64-b7a5b9fa8973/resourceGroups/devopclinics-cicd-rg/providers/Microsoft.Network/networkInterfaces/cicd-t1-nic",
            "network_security_group_id": "/subscriptions/e883a2af-415e-4853-8f64-b7a5b9fa8973/resourceGroups/devopclinics-cicd-rg/providers/Microsoft.Network/networkSecurityGroups/devopclinics-nsg",
            "timeouts": null
          },
          "sensitive_attributes": [],
          "private": "eyJlMmJmYjczMC1lY2FhLTExZTYtOGY4OC0zNDM2M2JjN2M0YzAiOnsiY3JlYXRlIjoxODAwMDAwMDAwMDAwLCJkZWxldGUiOjE4MDAwMDAwMDAwMDAsInJlYWQiOjMwMDAwMDAwMDAwMH19",
          "dependencies": [
            "azurerm_network_security_group.nsg",
            "azurerm_resource_group.rg",
            "azurerm_subnet.subnet",
            "azurerm_virtual_network.vnet",
            "module.dc_lab_vm.azurerm_network_interface.nic",
            "module.dc_lab_vm.azurerm_public_ip.public_ip"
          ]
        },
        {
          "index_key": 2,
          "schema_version": 0,
          "attributes": {
            "id": "/subscriptions/e883a2af-415e-4853-8f64-b7a5b9fa8973/resourceGroups/devopclinics-cicd-rg/providers/Microsoft.Network/networkInterfaces/cicd-t2-nic|/subscriptions/e883a2af-415e-4853-8f64-b7a5b9fa8973/resourceGroups/devopclinics-cicd-rg/providers/Microsoft.Network/networkSecurityGroups/devopclinics-nsg",
            "network_interface_id": "/subscriptions/e883a2af-415e-4853-8f64-b7a5b9fa8973/resourceGroups/devopclinics-cicd-rg/providers/Microsoft.Network/networkInterfaces/cicd-t2-nic",
            "network_security_group_id": "/subscriptions/e883a2af-415e-4853-8f64-b7a5b9fa8973/resourceGroups/devopclinics-cicd-rg/providers/Microsoft.Network/networkSecurityGroups/devopclinics-nsg",
            "timeouts": null
          },
          "sensitive_attributes": [],
          "private": "eyJlMmJmYjczMC1lY2FhLTExZTYtOGY4OC0zNDM2M2JjN2M0YzAiOnsiY3JlYXRlIjoxODAwMDAwMDAwMDAwLCJkZWxldGUiOjE4MDAwMDAwMDAwMDAsInJlYWQiOjMwMDAwMDAwMDAwMH19",
          "dependencies": [
            "azurerm_network_security_group.nsg",
            "azurerm_resource_group.rg",
            "azurerm_subnet.subnet",
            "azurerm_virtual_network.vnet",
            "module.dc_lab_vm.azurerm_network_interface.nic",
            "module.dc_lab_vm.azurerm_public_ip.public_ip"
          ]
        }
      ]
    },
    {
      "module": "module.dc_lab_vm",
      "mode": "managed",
      "type": "azurerm_public_ip",
      "name": "public_ip",
      "provider": "provider[\"registry.terraform.io/hashicorp/azurerm\"]",
      "instances": [
        {
          "index_key": 0,
          "schema_version": 0,
          "attributes": {
            "allocation_method": "Static",
            "ddos_protection_mode": "VirtualNetworkInherited",
            "ddos_protection_plan_id": null,
            "domain_name_label": null,
            "edge_zone": "",
            "fqdn": null,
            "id": "/subscriptions/e883a2af-415e-4853-8f64-b7a5b9fa8973/resourceGroups/devopclinics-cicd-rg/providers/Microsoft.Network/publicIPAddresses/cicd1-public-ip",
            "idle_timeout_in_minutes": 4,
            "ip_address": "172.200.241.210",
            "ip_tags": null,
            "ip_version": "IPv4",
            "location": "eastus2",
            "name": "cicd1-public-ip",
            "public_ip_prefix_id": null,
            "resource_group_name": "devopclinics-cicd-rg",
            "reverse_fqdn": null,
            "sku": "Basic",
            "sku_tier": "Regional",
            "tags": null,
            "timeouts": null,
            "zones": null
          },
          "sensitive_attributes": [],
          "private": "eyJlMmJmYjczMC1lY2FhLTExZTYtOGY4OC0zNDM2M2JjN2M0YzAiOnsiY3JlYXRlIjoxODAwMDAwMDAwMDAwLCJkZWxldGUiOjE4MDAwMDAwMDAwMDAsInJlYWQiOjMwMDAwMDAwMDAwMCwidXBkYXRlIjoxODAwMDAwMDAwMDAwfX0=",
          "dependencies": [
            "azurerm_resource_group.rg"
          ]
        },
        {
          "index_key": 1,
          "schema_version": 0,
          "attributes": {
            "allocation_method": "Static",
            "ddos_protection_mode": "VirtualNetworkInherited",
            "ddos_protection_plan_id": null,
            "domain_name_label": null,
            "edge_zone": "",
            "fqdn": null,
            "id": "/subscriptions/e883a2af-415e-4853-8f64-b7a5b9fa8973/resourceGroups/devopclinics-cicd-rg/providers/Microsoft.Network/publicIPAddresses/cicd-t1-public-ip",
            "idle_timeout_in_minutes": 4,
            "ip_address": "172.200.241.203",
            "ip_tags": null,
            "ip_version": "IPv4",
            "location": "eastus2",
            "name": "cicd-t1-public-ip",
            "public_ip_prefix_id": null,
            "resource_group_name": "devopclinics-cicd-rg",
            "reverse_fqdn": null,
            "sku": "Basic",
            "sku_tier": "Regional",
            "tags": null,
            "timeouts": null,
            "zones": null
          },
          "sensitive_attributes": [],
          "private": "eyJlMmJmYjczMC1lY2FhLTExZTYtOGY4OC0zNDM2M2JjN2M0YzAiOnsiY3JlYXRlIjoxODAwMDAwMDAwMDAwLCJkZWxldGUiOjE4MDAwMDAwMDAwMDAsInJlYWQiOjMwMDAwMDAwMDAwMCwidXBkYXRlIjoxODAwMDAwMDAwMDAwfX0=",
          "dependencies": [
            "azurerm_resource_group.rg"
          ]
        },
        {
          "index_key": 2,
          "schema_version": 0,
          "attributes": {
            "allocation_method": "Static",
            "ddos_protection_mode": "VirtualNetworkInherited",
            "ddos_protection_plan_id": null,
            "domain_name_label": null,
            "edge_zone": "",
            "fqdn": null,
            "id": "/subscriptions/e883a2af-415e-4853-8f64-b7a5b9fa8973/resourceGroups/devopclinics-cicd-rg/providers/Microsoft.Network/publicIPAddresses/cicd-t2-public-ip",
            "idle_timeout_in_minutes": 4,
            "ip_address": "172.200.241.190",
            "ip_tags": null,
            "ip_version": "IPv4",
            "location": "eastus2",
            "name": "cicd-t2-public-ip",
            "public_ip_prefix_id": null,
            "resource_group_name": "devopclinics-cicd-rg",
            "reverse_fqdn": null,
            "sku": "Basic",
            "sku_tier": "Regional",
            "tags": null,
            "timeouts": null,
            "zones": null
          },
          "sensitive_attributes": [],
          "private": "eyJlMmJmYjczMC1lY2FhLTExZTYtOGY4OC0zNDM2M2JjN2M0YzAiOnsiY3JlYXRlIjoxODAwMDAwMDAwMDAwLCJkZWxldGUiOjE4MDAwMDAwMDAwMDAsInJlYWQiOjMwMDAwMDAwMDAwMCwidXBkYXRlIjoxODAwMDAwMDAwMDAwfX0=",
          "dependencies": [
            "azurerm_resource_group.rg"
          ]
        }
      ]
    }
  ],
  "check_results": null
}
